
Microsoft Visual Studio Solution File, Format Version 12.00
# Visual Studio Version 16
VisualStudioVersion = 16.0.29411.108
MinimumVisualStudioVersion = 10.0.40219.1
Project("{FAE04EC0-301F-11D3-BF4B-00C04F79EFBC}") = "DesignPatterns", "DesignPatterns.csproj", "{901D5005-3CF9-4E23-9B4D-8616D4F7CF9E}"
EndProject
Global
	GlobalSection(SolutionConfigurationPlatforms) = preSolution
		Debug|Any CPU = Debug|Any CPU
		Release|Any CPU = Release|Any CPU
	EndGlobalSection
	GlobalSection(ProjectConfigurationPlatforms) = postSolution
		{901D5005-3CF9-4E23-9B4D-8616D4F7CF9E}.Debug|Any CPU.ActiveCfg = Debug|Any CPU
		{901D5005-3CF9-4E23-9B4D-8616D4F7CF9E}.Debug|Any CPU.Build.0 = Debug|Any CPU
		{901D5005-3CF9-4E23-9B4D-8616D4F7CF9E}.Release|Any CPU.ActiveCfg = Release|Any CPU
		{901D5005-3CF9-4E23-9B4D-8616D4F7CF9E}.Release|Any CPU.Build.0 = Release|Any CPU
	EndGlobalSection
	GlobalSection(SolutionProperties) = preSolution
		HideSolutionNode = FALSE
	EndGlobalSection
	GlobalSection(ExtensibilityGlobals) = postSolution
		SolutionGuid = {E287D85C-C37C-4EBC-959F-7617FD85647D}
	EndGlobalSection
EndGlobal
